// !$*UTF8*$!
{
	archiveVersion = 1;
	classes = {
	};
	objectVersion = 46;
	objects = {

/* Begin PBXBuildFile section */
		4CACBDF61C0B6F6D006A9937 /* AppDelegate.swift in Sources */ = {isa = PBXBuildFile; fileRef = 4CACBDF51C0B6F6D006A9937 /* AppDelegate.swift */; };
		4CACBDF81C0B6F6D006A9937 /* ViewController.swift in Sources */ = {isa = PBXBuildFile; fileRef = 4CACBDF71C0B6F6D006A9937 /* ViewController.swift */; };
		4CACBDFB1C0B6F6D006A9937 /* Main.storyboard in Resources */ = {isa = PBXBuildFile; fileRef = 4CACBDF91C0B6F6D006A9937 /* Main.storyboard */; };
		4CACBDFD1C0B6F6D006A9937 /* Assets.xcassets in Resources */ = {isa = PBXBuildFile; fileRef = 4CACBDFC1C0B6F6D006A9937 /* Assets.xcassets */; };
		4CACBE001C0B6F6D006A9937 /* LaunchScreen.storyboard in Resources */ = {isa = PBXBuildFile; fileRef = 4CACBDFE1C0B6F6D006A9937 /* LaunchScreen.storyboard */; };
		4CACBE081C0B6F7D006A9937 /* NRFManager.swift in Sources */ = {isa = PBXBuildFile; fileRef = 4CACBE071C0B6F7D006A9937 /* NRFManager.swift */; };
/* End PBXBuildFile section */

/* Begin PBXFileReference section */
		4CACBDF21C0B6F6D006A9937 /* nRF8001-Swift.app */ = {isa = PBXFileReference; explicitFileType = wrapper.application; includeInIndex = 0; path = "nRF8001-Swift.app"; sourceTree = BUILT_PRODUCTS_DIR; };
		4CACBDF51C0B6F6D006A9937 /* AppDelegate.swift */ = {isa = PBXFileReference; lastKnownFileType = sourcecode.swift; path = AppDelegate.swift; sourceTree = "<group>"; };
		4CACBDF71C0B6F6D006A9937 /* ViewController.swift */ = {isa = PBXFileReference; lastKnownFileType = sourcecode.swift; path = ViewController.swift; sourceTree = "<group>"; };
		4CACBDFA1C0B6F6D006A9937 /* Base */ = {isa = PBXFileReference; lastKnownFileType = file.storyboard; name = Base; path = Base.lproj/Main.storyboard; sourceTree = "<group>"; };
		4CACBDFC1C0B6F6D006A9937 /* Assets.xcassets */ = {isa = PBXFileReference; lastKnownFileType = folder.assetcatalog; path = Assets.xcassets; sourceTree = "<group>"; };
		4CACBDFF1C0B6F6D006A9937 /* Base */ = {isa = PBXFileReference; lastKnownFileType = file.storyboard; name = Base; path = Base.lproj/LaunchScreen.storyboard; sourceTree = "<group>"; };
		4CACBE011C0B6F6D006A9937 /* Info.plist */ = {isa = PBXFileReference; lastKnownFileType = text.plist.xml; path = Info.plist; sourceTree = "<group>"; };
		4CACBE071C0B6F7D006A9937 /* NRFManager.swift */ = {isa = PBXFileReference; fileEncoding = 4; lastKnownFileType = sourcecode.swift; path = NRFManager.swift; sourceTree = "<group>"; };
/* End PBXFileReference section */

/* Begin PBXFrameworksBuildPhase section */
		4CACBDEF1C0B6F6D006A9937 /* Frameworks */ = {
			isa = PBXFrameworksBuildPhase;
			buildActionMask = 2147483647;
			files = (
			);
			runOnlyForDeploymentPostprocessing = 0;
		};
/* End PBXFrameworksBuildPhase section */

/* Begin PBXGroup section */
		4CACBDE91C0B6F6D006A9937 = {
			isa = PBXGroup;
			children = (
				4CACBDF41C0B6F6D006A9937 /* nRF8001-Swift */,
				4CACBDF31C0B6F6D006A9937 /* Products */,
			);
			sourceTree = "<group>";
		};
		4CACBDF31C0B6F6D006A9937 /* Products */ = {
			isa = PBXGroup;
			children = (
				4CACBDF21C0B6F6D006A9937 /* nRF8001-Swift.app */,
			);
			name = Products;
			sourceTree = "<group>";
		};
		4CACBDF41C0B6F6D006A9937 /* nRF8001-Swift */ = {
			isa = PBXGroup;
			children = (
				4CACBE071C0B6F7D006A9937 /* NRFManager.swift */,
				4CACBDF51C0B6F6D006A9937 /* AppDelegate.swift */,
				4CACBDF71C0B6F6D006A9937 /* ViewController.swift */,
				4CACBDF91C0B6F6D006A9937 /* Main.storyboard */,
				4CACBDFC1C0B6F6D006A9937 /* Assets.xcassets */,
				4CACBDFE1C0B6F6D006A9937 /* LaunchScreen.storyboard */,
				4CACBE011C0B6F6D006A9937 /* Info.plist */,
			);
			path = "nRF8001-Swift";
			sourceTree = "<group>";
		};
/* End PBXGroup section */

/* Begin PBXNativeTarget section */
		4CACBDF11C0B6F6D006A9937 /* nRF8001-Swift */ = {
			isa = PBXNativeTarget;
			buildConfigurationList = 4CACBE041C0B6F6D006A9937 /* Build configuration list for PBXNativeTarget "nRF8001-Swift" */;
			buildPhases = (
				4CACBDEE1C0B6F6D006A9937 /* Sources */,
				4CACBDEF1C0B6F6D006A9937 /* Frameworks */,
				4CACBDF01C0B6F6D006A9937 /* Resources */,
			);
			buildRules = (
			);
			dependencies = (
			);
			name = "nRF8001-Swift";
			productName = "nRF8001-Swift";
			productReference = 4CACBDF21C0B6F6D006A9937 /* nRF8001-Swift.app */;
			productType = "com.apple.product-type.application";
		};
/* End PBXNativeTarget section */

/* Begin PBXProject section */
		4CACBDEA1C0B6F6D006A9937 /* Project object */ = {
			isa = PBXProject;
			attributes = {
				LastSwiftUpdateCheck = 0710;
				LastUpgradeCheck = 0710;
				ORGANIZATIONNAME = "Michael Teeuw";
				TargetAttributes = {
					4CACBDF11C0B6F6D006A9937 = {
						CreatedOnToolsVersion = 7.1.1;
					};
				};
			};
			buildConfigurationList = 4CACBDED1C0B6F6D006A9937 /* Build configuration list for PBXProject "nRF8001-Swift" */;
			compatibilityVersion = "Xcode 3.2";
			developmentRegion = English;
			hasScannedForEncodings = 0;
			knownRegions = (
				en,
				Base,
			);
			mainGroup = 4CACBDE91C0B6F6D006A9937;
			productRefGroup = 4CACBDF31C0B6F6D006A9937 /* Products */;
			projectDirPath = "";
			projectRoot = "";
			targets = (
				4CACBDF11C0B6F6D006A9937 /* nRF8001-Swift */,
			);
		};
/* End PBXProject section */

/* Begin PBXResourcesBuildPhase section */
		4CACBDF01C0B6F6D006A9937 /* Resources */ = {
			isa = PBXResourcesBuildPhase;
			buildActionMask = 2147483647;
			files = (
				4CACBE001C0B6F6D006A9937 /* LaunchScreen.storyboard in Resources */,
				4CACBDFD1C0B6F6D006A9937 /* Assets.xcassets in Resources */,
				4CACBDFB1C0B6F6D006A9937 /* Main.storyboard in Resources */,
			);
			runOnlyForDeploymentPostprocessing = 0;
		};
/* End PBXResourcesBuildPhase section */

/* Begin PBXSourcesBuildPhase section */
		4CACBDEE1C0B6F6D006A9937 /* Sources */ = {
			isa = PBXSourcesBuildPhase;
			buildActionMask = 2147483647;
			files = (
				4CACBDF81C0B6F6D006A9937 /* ViewController.swift in Sources */,
				4CACBE081C0B6F7D006A9937 /* NRFManager.swift in Sources */,
				4CACBDF61C0B6F6D006A9937 /* AppDelegate.swift in Sources */,
			);
			runOnlyForDeploymentPostprocessing = 0;
		};
/* End PBXSourcesBuildPhase section */

/* Begin PBXVariantGroup section */
		4CACBDF91C0B6F6D006A9937 /* Main.storyboard */ = {
			isa = PBXVariantGroup;
			children = (
				4CACBDFA1C0B6F6D006A9937 /* Base */,
			);
			name = Main.storyboard;
			sourceTree = "<group>";
		};
		4CACBDFE1C0B6F6D006A9937 /* LaunchScreen.storyboard */ = {
			isa = PBXVariantGroup;
			children = (
				4CACBDFF1C0B6F6D006A9937 /* Base */,
			);
			name = LaunchScreen.storyboard;
			sourceTree = "<group>";
		};
/* End PBXVariantGroup section */

/* Begin XCBuildConfiguration section */
		4CACBE021C0B6F6D006A9937 /* Debug */ = {
			isa = XCBuildConfiguration;
			buildSettings = {
				ALWAYS_SEARCH_USER_PATHS = NO;
				CLANG_CXX_LANGUAGE_STANDARD = "gnu++0x";
				CLANG_CXX_LIBRARY = "libc++";
				CLANG_ENABLE_MODULES = YES;
				CLANG_ENABLE_OBJC_ARC = YES;
				CLANG_WARN_BOOL_CONVERSION = YES;
				CLANG_WARN_CONSTANT_CONVERSION = YES;
				CLANG_WARN_DIRECT_OBJC_ISA_USAGE = YES_ERROR;
				CLANG_WARN_EMPTY_BODY = YES;
				CLANG_WARN_ENUM_CONVERSION = YES;
				CLANG_WARN_INT_CONVERSION = YES;
				CLANG_WARN_OBJC_ROOT_CLASS = YES_ERROR;
				CLANG_WARN_UNREACHABLE_CODE = YES;
				CLANG_WARN__DUPLICATE_METHOD_MATCH = YES;
				"CODE_SIGN_IDENTITY[sdk=iphoneos*]" = "iPhone Developer";
				COPY_PHASE_STRIP = NO;
				DEBUG_INFORMATION_FORMAT = dwarf;
				ENABLE_STRICT_OBJC_MSGSEND = YES;
				ENABLE_TESTABILITY = YES;
				GCC_C_LANGUAGE_STANDARD = gnu99;
				GCC_DYNAMIC_NO_PIC = NO;
				GCC_NO_COMMON_BLOCKS = YES;
				GCC_OPTIMIZATION_LEVEL = 0;
				GCC_PREPROCESSOR_DEFINITIONS = (
					"DEBUG=1",
					"$(inherited)",
				);
				GCC_WARN_64_TO_32_BIT_CONVERSION = YES;
				GCC_WARN_ABOUT_RETURN_TYPE = YES_ERROR;
				GCC_WARN_UNDECLARED_SELECTOR = YES;
				GCC_WARN_UNINITIALIZED_AUTOS = YES_AGGRESSIVE;
				GCC_WARN_UNUSED_FUNCTION = YES;
				GCC_WARN_UNUSED_VARIABLE = YES;
				IPHONEOS_DEPLOYMENT_TARGET = 9.1;
				MTL_ENABLE_DEBUG_INFO = YES;
				ONLY_ACTIVE_ARCH = YES;
				SDKROOT = iphoneos;
				SWIFT_OPTIMIZATION_LEVEL = "-Onone";
				TARGETED_DEVICE_FAMILY = "1,2";
			};
			name = Debug;
		};
		4CACBE031C0B6F6D006A9937 /* Release */ = {
			isa = XCBuildConfiguration;
			buildSettings = {
				ALWAYS_SEARCH_USER_PATHS = NO;
				CLANG_CXX_LANGUAGE_STANDARD = "gnu++0x";
				CLANG_CXX_LIBRARY = "libc++";
				CLANG_ENABLE_MODULES = YES;
				CLANG_ENABLE_OBJC_ARC = YES;
				CLANG_WARN_BOOL_CONVERSION = YES;
				CLANG_WARN_CONSTANT_CONVERSION = YES;
				CLANG_WARN_DIRECT_OBJC_ISA_USAGE = YES_ERROR;
				CLANG_WARN_EMPTY_BODY = YES;
				CLANG_WARN_ENUM_CONVERSION = YES;
				CLANG_WARN_INT_CONVERSION = YES;
				CLANG_WARN_OBJC_ROOT_CLASS = YES_ERROR;
				CLANG_WARN_UNREACHABLE_CODE = YES;
				CLANG_WARN__DUPLICATE_METHOD_MATCH = YES;
				"CODE_SIGN_IDENTITY[sdk=iphoneos*]" = "iPhone Developer";
				COPY_PHASE_STRIP = NO;
				DEBUG_INFORMATION_FORMAT = "dwarf-with-dsym";
				ENABLE_NS_ASSERTIONS = NO;
				ENABLE_STRICT_OBJC_MSGSEND = YES;
				GCC_C_LANGUAGE_STANDARD = gnu99;
				GCC_NO_COMMON_BLOCKS = YES;
				GCC_WARN_64_TO_32_BIT_CONVERSION = YES;
				GCC_WARN_ABOUT_RETURN_TYPE = YES_ERROR;
				GCC_WARN_UNDECLARED_SELECTOR = YES;
				GCC_WARN_UNINITIALIZED_AUTOS = YES_AGGRESSIVE;
				GCC_WARN_UNUSED_FUNCTION = YES;
				GCC_WARN_UNUSED_VARIABLE = YES;
				IPHONEOS_DEPLOYMENT_TARGET = 9.1;
				MTL_ENABLE_DEBUG_INFO = NO;
				SDKROOT = iphoneos;
				TARGETED_DEVICE_FAMILY = "1,2";
				VALIDATE_PRODUCT = YES;
			};
			name = Release;
		};
		4CACBE051C0B6F6D006A9937 /* Debug */ = {
			isa = XCBuildConfiguration;
			buildSettings = {
				ASSETCATALOG_COMPILER_APPICON_NAME = AppIcon;
				INFOPLIST_FILE = "nRF8001-Swift/Info.plist";
				LD_RUNPATH_SEARCH_PATHS = "$(inherited) @executable_path/Frameworks";
				PRODUCT_BUNDLE_IDENTIFIER = "nl.xonaymedia.nRF8001-Swift";
				PRODUCT_NAME = "$(TARGET_NAME)";
			};
			name = Debug;
		};
		4CACBE061C0B6F6D006A9937 /* Release */ = {
			isa = XCBuildConfiguration;
			buildSettings = {
				ASSETCATALOG_COMPILER_APPICON_NAME = AppIcon;
				INFOPLIST_FILE = "nRF8001-Swift/Info.plist";
				LD_RUNPATH_SEARCH_PATHS = "$(inherited) @executable_path/Frameworks";
				PRODUCT_BUNDLE_IDENTIFIER = "nl.xonaymedia.nRF8001-Swift";
				PRODUCT_NAME = "$(TARGET_NAME)";
			};
			name = Release;
		};
/* End XCBuildConfiguration section */

/* Begin XCConfigurationList section */
		4CACBDED1C0B6F6D006A9937 /* Build configuration list for PBXProject "nRF8001-Swift" */ = {
			isa = XCConfigurationList;
			buildConfigurations = (
				4CACBE021C0B6F6D006A9937 /* Debug */,
				4CACBE031C0B6F6D006A9937 /* Release */,
			);
			defaultConfigurationIsVisible = 0;
			defaultConfigurationName = Release;
		};
		4CACBE041C0B6F6D006A9937 /* Build configuration list for PBXNativeTarget "nRF8001-Swift" */ = {
			isa = XCConfigurationList;
			buildConfigurations = (
				4CACBE051C0B6F6D006A9937 /* Debug */,
				4CACBE061C0B6F6D006A9937 /* Release */,
			);
			defaultConfigurationIsVisible = 0;
		};
/* End XCConfigurationList section */
	};
	rootObject = 4CACBDEA1C0B6F6D006A9937 /* Project object */;
}
